// !$*UTF8*$!
{
	archiveVersion = 1;
	classes = {
	};
	objectVersion = 56;
	objects = {

/* Begin PBXBuildFile section */
		5EA7A8342B48052D00A2BCF4 /* AccountModel.swift in Sources */ = {isa = PBXBuildFile; fileRef = 5EA7A8332B48052D00A2BCF4 /* AccountModel.swift */; };
		5EA7A8382B4805B700A2BCF4 /* SettingsDelegate.swift in Sources */ = {isa = PBXBuildFile; fileRef = 5EA7A8372B4805B700A2BCF4 /* SettingsDelegate.swift */; };
		5EA7A83A2B4807EB00A2BCF4 /* FemaleViewController.swift in Sources */ = {isa = PBXBuildFile; fileRef = 5EA7A8392B4807EB00A2BCF4 /* FemaleViewController.swift */; };
		5EA7A83D2B480A0600A2BCF4 /* CustomButton.swift in Sources */ = {isa = PBXBuildFile; fileRef = 5EA7A83C2B480A0600A2BCF4 /* CustomButton.swift */; };
		5EA7A83F2B48146400A2BCF4 /* CustomizeViewController.swift in Sources */ = {isa = PBXBuildFile; fileRef = 5EA7A83E2B48146400A2BCF4 /* CustomizeViewController.swift */; };
		5EA7A8412B48173C00A2BCF4 /* MaleViewController.swift in Sources */ = {isa = PBXBuildFile; fileRef = 5EA7A8402B48173C00A2BCF4 /* MaleViewController.swift */; };
		5EA7A8432B4817A800A2BCF4 /* UIImages.swift in Sources */ = {isa = PBXBuildFile; fileRef = 5EA7A8422B4817A800A2BCF4 /* UIImages.swift */; };
		5EA7A8452B481AFB00A2BCF4 /* GenderViewController.swift in Sources */ = {isa = PBXBuildFile; fileRef = 5EA7A8442B481AFB00A2BCF4 /* GenderViewController.swift */; };
		5EA7A8472B481B3F00A2BCF4 /* AvatarViewController.swift in Sources */ = {isa = PBXBuildFile; fileRef = 5EA7A8462B481B3F00A2BCF4 /* AvatarViewController.swift */; };
		5EFA68802B4715D7009DC4CD /* AppDelegate.swift in Sources */ = {isa = PBXBuildFile; fileRef = 5EFA687F2B4715D7009DC4CD /* AppDelegate.swift */; };
		5EFA68822B4715D7009DC4CD /* SceneDelegate.swift in Sources */ = {isa = PBXBuildFile; fileRef = 5EFA68812B4715D7009DC4CD /* SceneDelegate.swift */; };
		5EFA68842B4715D7009DC4CD /* MainViewController.swift in Sources */ = {isa = PBXBuildFile; fileRef = 5EFA68832B4715D7009DC4CD /* MainViewController.swift */; };
		5EFA68872B4715D7009DC4CD /* Main.storyboard in Resources */ = {isa = PBXBuildFile; fileRef = 5EFA68852B4715D7009DC4CD /* Main.storyboard */; };
		5EFA68892B4715D9009DC4CD /* Assets.xcassets in Resources */ = {isa = PBXBuildFile; fileRef = 5EFA68882B4715D9009DC4CD /* Assets.xcassets */; };
		5EFA688C2B4715D9009DC4CD /* LaunchScreen.storyboard in Resources */ = {isa = PBXBuildFile; fileRef = 5EFA688A2B4715D9009DC4CD /* LaunchScreen.storyboard */; };
/* End PBXBuildFile section */

/* Begin PBXFileReference section */
		5EA7A8332B48052D00A2BCF4 /* AccountModel.swift */ = {isa = PBXFileReference; lastKnownFileType = sourcecode.swift; path = AccountModel.swift; sourceTree = "<group>"; };
		5EA7A8372B4805B700A2BCF4 /* SettingsDelegate.swift */ = {isa = PBXFileReference; lastKnownFileType = sourcecode.swift; path = SettingsDelegate.swift; sourceTree = "<group>"; };
		5EA7A8392B4807EB00A2BCF4 /* FemaleViewController.swift */ = {isa = PBXFileReference; lastKnownFileType = sourcecode.swift; path = FemaleViewController.swift; sourceTree = "<group>"; };
		5EA7A83C2B480A0600A2BCF4 /* CustomButton.swift */ = {isa = PBXFileReference; lastKnownFileType = sourcecode.swift; path = CustomButton.swift; sourceTree = "<group>"; };
		5EA7A83E2B48146400A2BCF4 /* CustomizeViewController.swift */ = {isa = PBXFileReference; lastKnownFileType = sourcecode.swift; path = CustomizeViewController.swift; sourceTree = "<group>"; };
		5EA7A8402B48173C00A2BCF4 /* MaleViewController.swift */ = {isa = PBXFileReference; lastKnownFileType = sourcecode.swift; path = MaleViewController.swift; sourceTree = "<group>"; };
		5EA7A8422B4817A800A2BCF4 /* UIImages.swift */ = {isa = PBXFileReference; lastKnownFileType = sourcecode.swift; path = UIImages.swift; sourceTree = "<group>"; };
		5EA7A8442B481AFB00A2BCF4 /* GenderViewController.swift */ = {isa = PBXFileReference; lastKnownFileType = sourcecode.swift; path = GenderViewController.swift; sourceTree = "<group>"; };
		5EA7A8462B481B3F00A2BCF4 /* AvatarViewController.swift */ = {isa = PBXFileReference; lastKnownFileType = sourcecode.swift; path = AvatarViewController.swift; sourceTree = "<group>"; };
		5EFA687C2B4715D7009DC4CD /* Homework7.app */ = {isa = PBXFileReference; explicitFileType = wrapper.application; includeInIndex = 0; path = Homework7.app; sourceTree = BUILT_PRODUCTS_DIR; };
		5EFA687F2B4715D7009DC4CD /* AppDelegate.swift */ = {isa = PBXFileReference; lastKnownFileType = sourcecode.swift; path = AppDelegate.swift; sourceTree = "<group>"; };
		5EFA68812B4715D7009DC4CD /* SceneDelegate.swift */ = {isa = PBXFileReference; lastKnownFileType = sourcecode.swift; path = SceneDelegate.swift; sourceTree = "<group>"; };
		5EFA68832B4715D7009DC4CD /* MainViewController.swift */ = {isa = PBXFileReference; lastKnownFileType = sourcecode.swift; path = MainViewController.swift; sourceTree = "<group>"; };
		5EFA68862B4715D7009DC4CD /* Base */ = {isa = PBXFileReference; lastKnownFileType = file.storyboard; name = Base; path = Base.lproj/Main.storyboard; sourceTree = "<group>"; };
		5EFA68882B4715D9009DC4CD /* Assets.xcassets */ = {isa = PBXFileReference; lastKnownFileType = folder.assetcatalog; path = Assets.xcassets; sourceTree = "<group>"; };
		5EFA688B2B4715D9009DC4CD /* Base */ = {isa = PBXFileReference; lastKnownFileType = file.storyboard; name = Base; path = Base.lproj/LaunchScreen.storyboard; sourceTree = "<group>"; };
		5EFA688D2B4715D9009DC4CD /* Info.plist */ = {isa = PBXFileReference; lastKnownFileType = text.plist.xml; path = Info.plist; sourceTree = "<group>"; };
/* End PBXFileReference section */

/* Begin PBXFrameworksBuildPhase section */
		5EFA68792B4715D7009DC4CD /* Frameworks */ = {
			isa = PBXFrameworksBuildPhase;
			buildActionMask = 2147483647;
			files = (
			);
			runOnlyForDeploymentPostprocessing = 0;
		};
/* End PBXFrameworksBuildPhase section */

/* Begin PBXGroup section */
		5EA7A8302B4801FE00A2BCF4 /* Helpers */ = {
			isa = PBXGroup;
			children = (
				5EFA68812B4715D7009DC4CD /* SceneDelegate.swift */,
				5EFA687F2B4715D7009DC4CD /* AppDelegate.swift */,
			);
			path = Helpers;
			sourceTree = "<group>";
		};
		5EA7A8312B48021200A2BCF4 /* View */ = {
			isa = PBXGroup;
			children = (
				5EFA68852B4715D7009DC4CD /* Main.storyboard */,
				5EFA688A2B4715D9009DC4CD /* LaunchScreen.storyboard */,
			);
			path = View;
			sourceTree = "<group>";
		};
		5EA7A8322B48026800A2BCF4 /* ViewControllers */ = {
			isa = PBXGroup;
			children = (
				5EFA68832B4715D7009DC4CD /* MainViewController.swift */,
				5EA7A83E2B48146400A2BCF4 /* CustomizeViewController.swift */,
				5EA7A8442B481AFB00A2BCF4 /* GenderViewController.swift */,
				5EA7A8462B481B3F00A2BCF4 /* AvatarViewController.swift */,
				5EA7A8402B48173C00A2BCF4 /* MaleViewController.swift */,
				5EA7A8392B4807EB00A2BCF4 /* FemaleViewController.swift */,
			);
			path = ViewControllers;
			sourceTree = "<group>";
		};
		5EA7A8352B48056C00A2BCF4 /* Model */ = {
			isa = PBXGroup;
			children = (
				5EA7A8332B48052D00A2BCF4 /* AccountModel.swift */,
			);
			path = Model;
			sourceTree = "<group>";
		};
		5EA7A8362B48058A00A2BCF4 /* Protocol */ = {
			isa = PBXGroup;
			children = (
				5EA7A8372B4805B700A2BCF4 /* SettingsDelegate.swift */,
			);
			path = Protocol;
			sourceTree = "<group>";
		};
		5EA7A83B2B4809DF00A2BCF4 /* UI */ = {
			isa = PBXGroup;
			children = (
				5EA7A83C2B480A0600A2BCF4 /* CustomButton.swift */,
				5EA7A8422B4817A800A2BCF4 /* UIImages.swift */,
			);
			path = UI;
			sourceTree = "<group>";
		};
		5EFA68732B4715D7009DC4CD = {
			isa = PBXGroup;
			children = (
				5EFA687E2B4715D7009DC4CD /* Homework7 */,
				5EFA687D2B4715D7009DC4CD /* Products */,
			);
			sourceTree = "<group>";
		};
		5EFA687D2B4715D7009DC4CD /* Products */ = {
			isa = PBXGroup;
			children = (
				5EFA687C2B4715D7009DC4CD /* Homework7.app */,
			);
			name = Products;
			sourceTree = "<group>";
		};
		5EFA687E2B4715D7009DC4CD /* Homework7 */ = {
			isa = PBXGroup;
			children = (
				5EA7A8302B4801FE00A2BCF4 /* Helpers */,
				5EA7A83B2B4809DF00A2BCF4 /* UI */,
				5EA7A8362B48058A00A2BCF4 /* Protocol */,
				5EA7A8322B48026800A2BCF4 /* ViewControllers */,
				5EA7A8352B48056C00A2BCF4 /* Model */,
				5EA7A8312B48021200A2BCF4 /* View */,
				5EFA68882B4715D9009DC4CD /* Assets.xcassets */,
				5EFA688D2B4715D9009DC4CD /* Info.plist */,
			);
			path = Homework7;
			sourceTree = "<group>";
		};
/* End PBXGroup section */

/* Begin PBXNativeTarget section */
		5EFA687B2B4715D7009DC4CD /* Homework7 */ = {
			isa = PBXNativeTarget;
			buildConfigurationList = 5EFA68902B4715D9009DC4CD /* Build configuration list for PBXNativeTarget "Homework7" */;
			buildPhases = (
				5EFA68782B4715D7009DC4CD /* Sources */,
				5EFA68792B4715D7009DC4CD /* Frameworks */,
				5EFA687A2B4715D7009DC4CD /* Resources */,
			);
			buildRules = (
			);
			dependencies = (
			);
			name = Homework7;
			productName = Homework7;
			productReference = 5EFA687C2B4715D7009DC4CD /* Homework7.app */;
			productType = "com.apple.product-type.application";
		};
/* End PBXNativeTarget section */

/* Begin PBXProject section */
		5EFA68742B4715D7009DC4CD /* Project object */ = {
			isa = PBXProject;
			attributes = {
				BuildIndependentTargetsInParallel = 1;
				LastSwiftUpdateCheck = 1510;
				LastUpgradeCheck = 1510;
				TargetAttributes = {
					5EFA687B2B4715D7009DC4CD = {
						CreatedOnToolsVersion = 15.1;
					};
				};
			};
			buildConfigurationList = 5EFA68772B4715D7009DC4CD /* Build configuration list for PBXProject "Homework7" */;
			compatibilityVersion = "Xcode 14.0";
			developmentRegion = en;
			hasScannedForEncodings = 0;
			knownRegions = (
				en,
				Base,
			);
			mainGroup = 5EFA68732B4715D7009DC4CD;
			productRefGroup = 5EFA687D2B4715D7009DC4CD /* Products */;
			projectDirPath = "";
			projectRoot = "";
			targets = (
				5EFA687B2B4715D7009DC4CD /* Homework7 */,
			);
		};
/* End PBXProject section */

/* Begin PBXResourcesBuildPhase section */
		5EFA687A2B4715D7009DC4CD /* Resources */ = {
			isa = PBXResourcesBuildPhase;
			buildActionMask = 2147483647;
			files = (
				5EFA688C2B4715D9009DC4CD /* LaunchScreen.storyboard in Resources */,
				5EFA68892B4715D9009DC4CD /* Assets.xcassets in Resources */,
				5EFA68872B4715D7009DC4CD /* Main.storyboard in Resources */,
			);
			runOnlyForDeploymentPostprocessing = 0;
		};
/* End PBXResourcesBuildPhase section */

/* Begin PBXSourcesBuildPhase section */
		5EFA68782B4715D7009DC4CD /* Sources */ = {
			isa = PBXSourcesBuildPhase;
			buildActionMask = 2147483647;
			files = (
				5EFA68842B4715D7009DC4CD /* MainViewController.swift in Sources */,
				5EFA68802B4715D7009DC4CD /* AppDelegate.swift in Sources */,
				5EA7A83F2B48146400A2BCF4 /* CustomizeViewController.swift in Sources */,
				5EFA68822B4715D7009DC4CD /* SceneDelegate.swift in Sources */,
				5EA7A8382B4805B700A2BCF4 /* SettingsDelegate.swift in Sources */,
				5EA7A83D2B480A0600A2BCF4 /* CustomButton.swift in Sources */,
				5EA7A8452B481AFB00A2BCF4 /* GenderViewController.swift in Sources */,
				5EA7A8412B48173C00A2BCF4 /* MaleViewController.swift in Sources */,
				5EA7A8432B4817A800A2BCF4 /* UIImages.swift in Sources */,
				5EA7A83A2B4807EB00A2BCF4 /* FemaleViewController.swift in Sources */,
				5EA7A8342B48052D00A2BCF4 /* AccountModel.swift in Sources */,
				5EA7A8472B481B3F00A2BCF4 /* AvatarViewController.swift in Sources */,
			);
			runOnlyForDeploymentPostprocessing = 0;
		};
/* End PBXSourcesBuildPhase section */

/* Begin PBXVariantGroup section */
		5EFA68852B4715D7009DC4CD /* Main.storyboard */ = {
			isa = PBXVariantGroup;
			children = (
				5EFA68862B4715D7009DC4CD /* Base */,
			);
			name = Main.storyboard;
			sourceTree = "<group>";
		};
		5EFA688A2B4715D9009DC4CD /* LaunchScreen.storyboard */ = {
			isa = PBXVariantGroup;
			children = (
				5EFA688B2B4715D9009DC4CD /* Base */,
			);
			name = LaunchScreen.storyboard;
			sourceTree = "<group>";
		};
/* End PBXVariantGroup section */

/* Begin XCBuildConfiguration section */
		5EFA688E2B4715D9009DC4CD /* Debug */ = {
			isa = XCBuildConfiguration;
			buildSettings = {
				ALWAYS_SEARCH_USER_PATHS = NO;
				ASSETCATALOG_COMPILER_GENERATE_SWIFT_ASSET_SYMBOL_EXTENSIONS = YES;
				CLANG_ANALYZER_NONNULL = YES;
				CLANG_ANALYZER_NUMBER_OBJECT_CONVERSION = YES_AGGRESSIVE;
				CLANG_CXX_LANGUAGE_STANDARD = "gnu++20";
				CLANG_ENABLE_MODULES = YES;
				CLANG_ENABLE_OBJC_ARC = YES;
				CLANG_ENABLE_OBJC_WEAK = YES;
				CLANG_WARN_BLOCK_CAPTURE_AUTORELEASING = YES;
				CLANG_WARN_BOOL_CONVERSION = YES;
				CLANG_WARN_COMMA = YES;
				CLANG_WARN_CONSTANT_CONVERSION = YES;
				CLANG_WARN_DEPRECATED_OBJC_IMPLEMENTATIONS = YES;
				CLANG_WARN_DIRECT_OBJC_ISA_USAGE = YES_ERROR;
				CLANG_WARN_DOCUMENTATION_COMMENTS = YES;
				CLANG_WARN_EMPTY_BODY = YES;
				CLANG_WARN_ENUM_CONVERSION = YES;
				CLANG_WARN_INFINITE_RECURSION = YES;
				CLANG_WARN_INT_CONVERSION = YES;
				CLANG_WARN_NON_LITERAL_NULL_CONVERSION = YES;
				CLANG_WARN_OBJC_IMPLICIT_RETAIN_SELF = YES;
				CLANG_WARN_OBJC_LITERAL_CONVERSION = YES;
				CLANG_WARN_OBJC_ROOT_CLASS = YES_ERROR;
				CLANG_WARN_QUOTED_INCLUDE_IN_FRAMEWORK_HEADER = YES;
				CLANG_WARN_RANGE_LOOP_ANALYSIS = YES;
				CLANG_WARN_STRICT_PROTOTYPES = YES;
				CLANG_WARN_SUSPICIOUS_MOVE = YES;
				CLANG_WARN_UNGUARDED_AVAILABILITY = YES_AGGRESSIVE;
				CLANG_WARN_UNREACHABLE_CODE = YES;
				CLANG_WARN__DUPLICATE_METHOD_MATCH = YES;
				COPY_PHASE_STRIP = NO;
				DEBUG_INFORMATION_FORMAT = dwarf;
				ENABLE_STRICT_OBJC_MSGSEND = YES;
				ENABLE_TESTABILITY = YES;
				ENABLE_USER_SCRIPT_SANDBOXING = YES;
				GCC_C_LANGUAGE_STANDARD = gnu17;
				GCC_DYNAMIC_NO_PIC = NO;
				GCC_NO_COMMON_BLOCKS = YES;
				GCC_OPTIMIZATION_LEVEL = 0;
				GCC_PREPROCESSOR_DEFINITIONS = (
					"DEBUG=1",
					"$(inherited)",
				);
				GCC_WARN_64_TO_32_BIT_CONVERSION = YES;
				GCC_WARN_ABOUT_RETURN_TYPE = YES_ERROR;
				GCC_WARN_UNDECLARED_SELECTOR = YES;
				GCC_WARN_UNINITIALIZED_AUTOS = YES_AGGRESSIVE;
				GCC_WARN_UNUSED_FUNCTION = YES;
				GCC_WARN_UNUSED_VARIABLE = YES;
				IPHONEOS_DEPLOYMENT_TARGET = 17.2;
				LOCALIZATION_PREFERS_STRING_CATALOGS = YES;
				MTL_ENABLE_DEBUG_INFO = INCLUDE_SOURCE;
				MTL_FAST_MATH = YES;
				ONLY_ACTIVE_ARCH = YES;
				SDKROOT = iphoneos;
				SWIFT_ACTIVE_COMPILATION_CONDITIONS = "DEBUG $(inherited)";
				SWIFT_OPTIMIZATION_LEVEL = "-Onone";
			};
			name = Debug;
		};
		5EFA688F2B4715D9009DC4CD /* Release */ = {
			isa = XCBuildConfiguration;
			buildSettings = {
				ALWAYS_SEARCH_USER_PATHS = NO;
				ASSETCATALOG_COMPILER_GENERATE_SWIFT_ASSET_SYMBOL_EXTENSIONS = YES;
				CLANG_ANALYZER_NONNULL = YES;
				CLANG_ANALYZER_NUMBER_OBJECT_CONVERSION = YES_AGGRESSIVE;
				CLANG_CXX_LANGUAGE_STANDARD = "gnu++20";
				CLANG_ENABLE_MODULES = YES;
				CLANG_ENABLE_OBJC_ARC = YES;
				CLANG_ENABLE_OBJC_WEAK = YES;
				CLANG_WARN_BLOCK_CAPTURE_AUTORELEASING = YES;
				CLANG_WARN_BOOL_CONVERSION = YES;
				CLANG_WARN_COMMA = YES;
				CLANG_WARN_CONSTANT_CONVERSION = YES;
				CLANG_WARN_DEPRECATED_OBJC_IMPLEMENTATIONS = YES;
				CLANG_WARN_DIRECT_OBJC_ISA_USAGE = YES_ERROR;
				CLANG_WARN_DOCUMENTATION_COMMENTS = YES;
				CLANG_WARN_EMPTY_BODY = YES;
				CLANG_WARN_ENUM_CONVERSION = YES;
				CLANG_WARN_INFINITE_RECURSION = YES;
				CLANG_WARN_INT_CONVERSION = YES;
				CLANG_WARN_NON_LITERAL_NULL_CONVERSION = YES;
				CLANG_WARN_OBJC_IMPLICIT_RETAIN_SELF = YES;
				CLANG_WARN_OBJC_LITERAL_CONVERSION = YES;
				CLANG_WARN_OBJC_ROOT_CLASS = YES_ERROR;
				CLANG_WARN_QUOTED_INCLUDE_IN_FRAMEWORK_HEADER = YES;
				CLANG_WARN_RANGE_LOOP_ANALYSIS = YES;
				CLANG_WARN_STRICT_PROTOTYPES = YES;
				CLANG_WARN_SUSPICIOUS_MOVE = YES;
				CLANG_WARN_UNGUARDED_AVAILABILITY = YES_AGGRESSIVE;
				CLANG_WARN_UNREACHABLE_CODE = YES;
				CLANG_WARN__DUPLICATE_METHOD_MATCH = YES;
				COPY_PHASE_STRIP = NO;
				DEBUG_INFORMATION_FORMAT = "dwarf-with-dsym";
				ENABLE_NS_ASSERTIONS = NO;
				ENABLE_STRICT_OBJC_MSGSEND = YES;
				ENABLE_USER_SCRIPT_SANDBOXING = YES;
				GCC_C_LANGUAGE_STANDARD = gnu17;
				GCC_NO_COMMON_BLOCKS = YES;
				GCC_WARN_64_TO_32_BIT_CONVERSION = YES;
				GCC_WARN_ABOUT_RETURN_TYPE = YES_ERROR;
				GCC_WARN_UNDECLARED_SELECTOR = YES;
				GCC_WARN_UNINITIALIZED_AUTOS = YES_AGGRESSIVE;
				GCC_WARN_UNUSED_FUNCTION = YES;
				GCC_WARN_UNUSED_VARIABLE = YES;
				IPHONEOS_DEPLOYMENT_TARGET = 17.2;
				LOCALIZATION_PREFERS_STRING_CATALOGS = YES;
				MTL_ENABLE_DEBUG_INFO = NO;
				MTL_FAST_MATH = YES;
				SDKROOT = iphoneos;
				SWIFT_COMPILATION_MODE = wholemodule;
				VALIDATE_PRODUCT = YES;
			};
			name = Release;
		};
		5EFA68912B4715D9009DC4CD /* Debug */ = {
			isa = XCBuildConfiguration;
			buildSettings = {
				ASSETCATALOG_COMPILER_APPICON_NAME = AppIcon;
				ASSETCATALOG_COMPILER_GLOBAL_ACCENT_COLOR_NAME = AccentColor;
				CODE_SIGN_STYLE = Automatic;
				CURRENT_PROJECT_VERSION = 1;
				DEVELOPMENT_TEAM = BCFL245T3H;
				GENERATE_INFOPLIST_FILE = YES;
				INFOPLIST_FILE = Homework7/Info.plist;
				INFOPLIST_KEY_UIApplicationSupportsIndirectInputEvents = YES;
				INFOPLIST_KEY_UILaunchStoryboardName = LaunchScreen;
				INFOPLIST_KEY_UIMainStoryboardFile = Main;
				INFOPLIST_KEY_UISupportedInterfaceOrientations_iPad = "UIInterfaceOrientationPortrait UIInterfaceOrientationPortraitUpsideDown UIInterfaceOrientationLandscapeLeft UIInterfaceOrientationLandscapeRight";
				INFOPLIST_KEY_UISupportedInterfaceOrientations_iPhone = "UIInterfaceOrientationPortrait UIInterfaceOrientationLandscapeLeft UIInterfaceOrientationLandscapeRight";
				LD_RUNPATH_SEARCH_PATHS = (
					"$(inherited)",
					"@executable_path/Frameworks",
				);
				MARKETING_VERSION = 1.0;
				PRODUCT_BUNDLE_IDENTIFIER = by.Lapteva.Homework7;
				PRODUCT_NAME = "$(TARGET_NAME)";
				SWIFT_EMIT_LOC_STRINGS = YES;
				SWIFT_VERSION = 5.0;
				TARGETED_DEVICE_FAMILY = "1,2";
			};
			name = Debug;
		};
		5EFA68922B4715D9009DC4CD /* Release */ = {
			isa = XCBuildConfiguration;
			buildSettings = {
				ASSETCATALOG_COMPILER_APPICON_NAME = AppIcon;
				ASSETCATALOG_COMPILER_GLOBAL_ACCENT_COLOR_NAME = AccentColor;
				CODE_SIGN_STYLE = Automatic;
				CURRENT_PROJECT_VERSION = 1;
				DEVELOPMENT_TEAM = BCFL245T3H;
				GENERATE_INFOPLIST_FILE = YES;
				INFOPLIST_FILE = Homework7/Info.plist;
				INFOPLIST_KEY_UIApplicationSupportsIndirectInputEvents = YES;
				INFOPLIST_KEY_UILaunchStoryboardName = LaunchScreen;
				INFOPLIST_KEY_UIMainStoryboardFile = Main;
				INFOPLIST_KEY_UISupportedInterfaceOrientations_iPad = "UIInterfaceOrientationPortrait UIInterfaceOrientationPortraitUpsideDown UIInterfaceOrientationLandscapeLeft UIInterfaceOrientationLandscapeRight";
				INFOPLIST_KEY_UISupportedInterfaceOrientations_iPhone = "UIInterfaceOrientationPortrait UIInterfaceOrientationLandscapeLeft UIInterfaceOrientationLandscapeRight";
				LD_RUNPATH_SEARCH_PATHS = (
					"$(inherited)",
					"@executable_path/Frameworks",
				);
				MARKETING_VERSION = 1.0;
				PRODUCT_BUNDLE_IDENTIFIER = by.Lapteva.Homework7;
				PRODUCT_NAME = "$(TARGET_NAME)";
				SWIFT_EMIT_LOC_STRINGS = YES;
				SWIFT_VERSION = 5.0;
				TARGETED_DEVICE_FAMILY = "1,2";
			};
			name = Release;
		};
/* End XCBuildConfiguration section */

/* Begin XCConfigurationList section */
		5EFA68772B4715D7009DC4CD /* Build configuration list for PBXProject "Homework7" */ = {
			isa = XCConfigurationList;
			buildConfigurations = (
				5EFA688E2B4715D9009DC4CD /* Debug */,
				5EFA688F2B4715D9009DC4CD /* Release */,
			);
			defaultConfigurationIsVisible = 0;
			defaultConfigurationName = Release;
		};
		5EFA68902B4715D9009DC4CD /* Build configuration list for PBXNativeTarget "Homework7" */ = {
			isa = XCConfigurationList;
			buildConfigurations = (
				5EFA68912B4715D9009DC4CD /* Debug */,
				5EFA68922B4715D9009DC4CD /* Release */,
			);
			defaultConfigurationIsVisible = 0;
			defaultConfigurationName = Release;
		};
/* End XCConfigurationList section */
	};
	rootObject = 5EFA68742B4715D7009DC4CD /* Project object */;
}
